
Microsoft Visual Studio Solution File, Format Version 12.00
# Visual Studio Version 17
VisualStudioVersion = 17.7.34202.233
MinimumVisualStudioVersion = 10.0.40219.1
Project("{FAE04EC0-301F-11D3-BF4B-00C04F79EFBC}") = "StudentsRankingApiDemo", "StudentsRankingApiDemo\StudentsRankingApiDemo.csproj", "{4564DB5A-B242-4B40-87AB-4DCD1ECDFEE6}"
EndProject
Global
	GlobalSection(SolutionConfigurationPlatforms) = preSolution
		Debug|Any CPU = Debug|Any CPU
		Release|Any CPU = Release|Any CPU
	EndGlobalSection
	GlobalSection(ProjectConfigurationPlatforms) = postSolution
		{4564DB5A-B242-4B40-87AB-4DCD1ECDFEE6}.Debug|Any CPU.ActiveCfg = Debug|Any CPU
		{4564DB5A-B242-4B40-87AB-4DCD1ECDFEE6}.Debug|Any CPU.Build.0 = Debug|Any CPU
		{4564DB5A-B242-4B40-87AB-4DCD1ECDFEE6}.Release|Any CPU.ActiveCfg = Release|Any CPU
		{4564DB5A-B242-4B40-87AB-4DCD1ECDFEE6}.Release|Any CPU.Build.0 = Release|Any CPU
	EndGlobalSection
	GlobalSection(SolutionProperties) = preSolution
		HideSolutionNode = FALSE
	EndGlobalSection
	GlobalSection(ExtensibilityGlobals) = postSolution
		SolutionGuid = {7BBEC436-788C-4610-BB03-2DE050D53D19}
	EndGlobalSection
EndGlobal
